dependencies:
- name: postgresql
  repository: https://charts.bitnami.com/bitnami
  version: 16.7.18
- name: vespa
  repository: https://onyx-dot-app.github.io/vespa-helm-charts
  version: 0.2.24
- name: ingress-nginx
  repository: https://kubernetes.github.io/ingress-nginx
  version: 4.13.3
- name: valkey
  repository: https://charts.bitnami.com/bitnami
  version: 3.0.20
- name: minio
  repository: https://charts.min.io/
  version: 5.4.0
digest: sha256:112402b9947d8d1f2c811aabca8efc68928e2b64f668e5a8614fa7ea3a2b5526
generated: "2025-10-29T18:21:42.291082805Z"
